{
  "name": "3a-factory",
  "version": "3.0.0",
  "lockfileVersion": 3,
  "requires": true,
  "packages": {
    "": {
      "name": "3a-factory",
      "version": "3.0.0",
      "hasInstallScript": true,
      "license": "MIT",
      "bin": {
        "3a-factory": "dist/install.js"
      }
    }
  }
}
